// !$*UTF8*$!
{
	archiveVersion = 1;
	classes = {
	};
	objectVersion = 56;
	objects = {

/* Begin PBXBuildFile section */
		C301E57528F1F15200A398F0 /* AppDelegate.swift in Sources */ = {isa = PBXBuildFile; fileRef = C301E57428F1F15200A398F0 /* AppDelegate.swift */; };
		C301E57728F1F15200A398F0 /* SceneDelegate.swift in Sources */ = {isa = PBXBuildFile; fileRef = C301E57628F1F15200A398F0 /* SceneDelegate.swift */; };
		C301E57928F1F15200A398F0 /* UserViewController.swift in Sources */ = {isa = PBXBuildFile; fileRef = C301E57828F1F15200A398F0 /* UserViewController.swift */; };
		C301E57E28F1F15400A398F0 /* Assets.xcassets in Resources */ = {isa = PBXBuildFile; fileRef = C301E57D28F1F15400A398F0 /* Assets.xcassets */; };
		C301E58128F1F15400A398F0 /* LaunchScreen.storyboard in Resources */ = {isa = PBXBuildFile; fileRef = C301E57F28F1F15400A398F0 /* LaunchScreen.storyboard */; };
		C301E58C28F1F15400A398F0 /* ProtocolOriantedAppTests.swift in Sources */ = {isa = PBXBuildFile; fileRef = C301E58B28F1F15400A398F0 /* ProtocolOriantedAppTests.swift */; };
		C301E59628F1F15400A398F0 /* ProtocolOriantedAppUITests.swift in Sources */ = {isa = PBXBuildFile; fileRef = C301E59528F1F15400A398F0 /* ProtocolOriantedAppUITests.swift */; };
		C301E59828F1F15400A398F0 /* ProtocolOriantedAppUITestsLaunchTests.swift in Sources */ = {isa = PBXBuildFile; fileRef = C301E59728F1F15400A398F0 /* ProtocolOriantedAppUITestsLaunchTests.swift */; };
		C301E5AA28F1FB9E00A398F0 /* User.swift in Sources */ = {isa = PBXBuildFile; fileRef = C301E5A928F1FB9E00A398F0 /* User.swift */; };
		C301E5AC28F1FC1A00A398F0 /* APIManager.swift in Sources */ = {isa = PBXBuildFile; fileRef = C301E5AB28F1FC1A00A398F0 /* APIManager.swift */; };
		C301E5AF28F2041400A398F0 /* UserViewModel.swift in Sources */ = {isa = PBXBuildFile; fileRef = C301E5AE28F2041400A398F0 /* UserViewModel.swift */; };
		C301E5B128F2050400A398F0 /* UserService.swift in Sources */ = {isa = PBXBuildFile; fileRef = C301E5B028F2050400A398F0 /* UserService.swift */; };
		C301E5B328F2084B00A398F0 /* UserViewModelProtocol.swift in Sources */ = {isa = PBXBuildFile; fileRef = C301E5B228F2084B00A398F0 /* UserViewModelProtocol.swift */; };
/* End PBXBuildFile section */

/* Begin PBXContainerItemProxy section */
		C301E58828F1F15400A398F0 /* PBXContainerItemProxy */ = {
			isa = PBXContainerItemProxy;
			containerPortal = C301E56928F1F15200A398F0 /* Project object */;
			proxyType = 1;
			remoteGlobalIDString = C301E57028F1F15200A398F0;
			remoteInfo = ProtocolOriantedApp;
		};
		C301E59228F1F15400A398F0 /* PBXContainerItemProxy */ = {
			isa = PBXContainerItemProxy;
			containerPortal = C301E56928F1F15200A398F0 /* Project object */;
			proxyType = 1;
			remoteGlobalIDString = C301E57028F1F15200A398F0;
			remoteInfo = ProtocolOriantedApp;
		};
/* End PBXContainerItemProxy section */

/* Begin PBXFileReference section */
		C301E57128F1F15200A398F0 /* ProtocolOriantedApp.app */ = {isa = PBXFileReference; explicitFileType = wrapper.application; includeInIndex = 0; path = ProtocolOriantedApp.app; sourceTree = BUILT_PRODUCTS_DIR; };
		C301E57428F1F15200A398F0 /* AppDelegate.swift */ = {isa = PBXFileReference; lastKnownFileType = sourcecode.swift; path = AppDelegate.swift; sourceTree = "<group>"; };
		C301E57628F1F15200A398F0 /* SceneDelegate.swift */ = {isa = PBXFileReference; lastKnownFileType = sourcecode.swift; path = SceneDelegate.swift; sourceTree = "<group>"; };
		C301E57828F1F15200A398F0 /* UserViewController.swift */ = {isa = PBXFileReference; lastKnownFileType = sourcecode.swift; path = UserViewController.swift; sourceTree = "<group>"; };
		C301E57D28F1F15400A398F0 /* Assets.xcassets */ = {isa = PBXFileReference; lastKnownFileType = folder.assetcatalog; path = Assets.xcassets; sourceTree = "<group>"; };
		C301E58028F1F15400A398F0 /* Base */ = {isa = PBXFileReference; lastKnownFileType = file.storyboard; name = Base; path = Base.lproj/LaunchScreen.storyboard; sourceTree = "<group>"; };
		C301E58228F1F15400A398F0 /* Info.plist */ = {isa = PBXFileReference; lastKnownFileType = text.plist.xml; path = Info.plist; sourceTree = "<group>"; };
		C301E58728F1F15400A398F0 /* ProtocolOriantedAppTests.xctest */ = {isa = PBXFileReference; explicitFileType = wrapper.cfbundle; includeInIndex = 0; path = ProtocolOriantedAppTests.xctest; sourceTree = BUILT_PRODUCTS_DIR; };
		C301E58B28F1F15400A398F0 /* ProtocolOriantedAppTests.swift */ = {isa = PBXFileReference; lastKnownFileType = sourcecode.swift; path = ProtocolOriantedAppTests.swift; sourceTree = "<group>"; };
		C301E59128F1F15400A398F0 /* ProtocolOriantedAppUITests.xctest */ = {isa = PBXFileReference; explicitFileType = wrapper.cfbundle; includeInIndex = 0; path = ProtocolOriantedAppUITests.xctest; sourceTree = BUILT_PRODUCTS_DIR; };
		C301E59528F1F15400A398F0 /* ProtocolOriantedAppUITests.swift */ = {isa = PBXFileReference; lastKnownFileType = sourcecode.swift; path = ProtocolOriantedAppUITests.swift; sourceTree = "<group>"; };
		C301E59728F1F15400A398F0 /* ProtocolOriantedAppUITestsLaunchTests.swift */ = {isa = PBXFileReference; lastKnownFileType = sourcecode.swift; path = ProtocolOriantedAppUITestsLaunchTests.swift; sourceTree = "<group>"; };
		C301E5A928F1FB9E00A398F0 /* User.swift */ = {isa = PBXFileReference; lastKnownFileType = sourcecode.swift; path = User.swift; sourceTree = "<group>"; };
		C301E5AB28F1FC1A00A398F0 /* APIManager.swift */ = {isa = PBXFileReference; lastKnownFileType = sourcecode.swift; path = APIManager.swift; sourceTree = "<group>"; };
		C301E5AE28F2041400A398F0 /* UserViewModel.swift */ = {isa = PBXFileReference; lastKnownFileType = sourcecode.swift; path = UserViewModel.swift; sourceTree = "<group>"; };
		C301E5B028F2050400A398F0 /* UserService.swift */ = {isa = PBXFileReference; lastKnownFileType = sourcecode.swift; path = UserService.swift; sourceTree = "<group>"; };
		C301E5B228F2084B00A398F0 /* UserViewModelProtocol.swift */ = {isa = PBXFileReference; lastKnownFileType = sourcecode.swift; path = UserViewModelProtocol.swift; sourceTree = "<group>"; };
/* End PBXFileReference section */

/* Begin PBXFrameworksBuildPhase section */
		C301E56E28F1F15200A398F0 /* Frameworks */ = {
			isa = PBXFrameworksBuildPhase;
			buildActionMask = 2147483647;
			files = (
			);
			runOnlyForDeploymentPostprocessing = 0;
		};
		C301E58428F1F15400A398F0 /* Frameworks */ = {
			isa = PBXFrameworksBuildPhase;
			buildActionMask = 2147483647;
			files = (
			);
			runOnlyForDeploymentPostprocessing = 0;
		};
		C301E58E28F1F15400A398F0 /* Frameworks */ = {
			isa = PBXFrameworksBuildPhase;
			buildActionMask = 2147483647;
			files = (
			);
			runOnlyForDeploymentPostprocessing = 0;
		};
/* End PBXFrameworksBuildPhase section */

/* Begin PBXGroup section */
		C301E56828F1F15200A398F0 = {
			isa = PBXGroup;
			children = (
				C301E57328F1F15200A398F0 /* ProtocolOriantedApp */,
				C301E58A28F1F15400A398F0 /* ProtocolOriantedAppTests */,
				C301E59428F1F15400A398F0 /* ProtocolOriantedAppUITests */,
				C301E57228F1F15200A398F0 /* Products */,
			);
			sourceTree = "<group>";
		};
		C301E57228F1F15200A398F0 /* Products */ = {
			isa = PBXGroup;
			children = (
				C301E57128F1F15200A398F0 /* ProtocolOriantedApp.app */,
				C301E58728F1F15400A398F0 /* ProtocolOriantedAppTests.xctest */,
				C301E59128F1F15400A398F0 /* ProtocolOriantedAppUITests.xctest */,
			);
			name = Products;
			sourceTree = "<group>";
		};
		C301E57328F1F15200A398F0 /* ProtocolOriantedApp */ = {
			isa = PBXGroup;
			children = (
				C301E5AD28F203FB00A398F0 /* ViewModel */,
				C301E5A528F1FB1300A398F0 /* Service */,
				C301E5A428F1FB0800A398F0 /* Model */,
				C301E5A828F1FB6E00A398F0 /* View */,
				C301E57428F1F15200A398F0 /* AppDelegate.swift */,
				C301E57628F1F15200A398F0 /* SceneDelegate.swift */,
				C301E57D28F1F15400A398F0 /* Assets.xcassets */,
				C301E57F28F1F15400A398F0 /* LaunchScreen.storyboard */,
				C301E58228F1F15400A398F0 /* Info.plist */,
			);
			path = ProtocolOriantedApp;
			sourceTree = "<group>";
		};
		C301E58A28F1F15400A398F0 /* ProtocolOriantedAppTests */ = {
			isa = PBXGroup;
			children = (
				C301E58B28F1F15400A398F0 /* ProtocolOriantedAppTests.swift */,
			);
			path = ProtocolOriantedAppTests;
			sourceTree = "<group>";
		};
		C301E59428F1F15400A398F0 /* ProtocolOriantedAppUITests */ = {
			isa = PBXGroup;
			children = (
				C301E59528F1F15400A398F0 /* ProtocolOriantedAppUITests.swift */,
				C301E59728F1F15400A398F0 /* ProtocolOriantedAppUITestsLaunchTests.swift */,
			);
			path = ProtocolOriantedAppUITests;
			sourceTree = "<group>";
		};
		C301E5A428F1FB0800A398F0 /* Model */ = {
			isa = PBXGroup;
			children = (
				C301E5A928F1FB9E00A398F0 /* User.swift */,
			);
			path = Model;
			sourceTree = "<group>";
		};
		C301E5A528F1FB1300A398F0 /* Service */ = {
			isa = PBXGroup;
			children = (
				C301E5AB28F1FC1A00A398F0 /* APIManager.swift */,
				C301E5B028F2050400A398F0 /* UserService.swift */,
			);
			path = Service;
			sourceTree = "<group>";
		};
		C301E5A828F1FB6E00A398F0 /* View */ = {
			isa = PBXGroup;
			children = (
				C301E57828F1F15200A398F0 /* UserViewController.swift */,
			);
			path = View;
			sourceTree = "<group>";
		};
		C301E5AD28F203FB00A398F0 /* ViewModel */ = {
			isa = PBXGroup;
			children = (
				C301E5AE28F2041400A398F0 /* UserViewModel.swift */,
				C301E5B228F2084B00A398F0 /* UserViewModelProtocol.swift */,
			);
			path = ViewModel;
			sourceTree = "<group>";
		};
/* End PBXGroup section */

/* Begin PBXNativeTarget section */
		C301E57028F1F15200A398F0 /* ProtocolOriantedApp */ = {
			isa = PBXNativeTarget;
			buildConfigurationList = C301E59B28F1F15400A398F0 /* Build configuration list for PBXNativeTarget "ProtocolOriantedApp" */;
			buildPhases = (
				C301E56D28F1F15200A398F0 /* Sources */,
				C301E56E28F1F15200A398F0 /* Frameworks */,
				C301E56F28F1F15200A398F0 /* Resources */,
			);
			buildRules = (
			);
			dependencies = (
			);
			name = ProtocolOriantedApp;
			productName = ProtocolOriantedApp;
			productReference = C301E57128F1F15200A398F0 /* ProtocolOriantedApp.app */;
			productType = "com.apple.product-type.application";
		};
		C301E58628F1F15400A398F0 /* ProtocolOriantedAppTests */ = {
			isa = PBXNativeTarget;
			buildConfigurationList = C301E59E28F1F15400A398F0 /* Build configuration list for PBXNativeTarget "ProtocolOriantedAppTests" */;
			buildPhases = (
				C301E58328F1F15400A398F0 /* Sources */,
				C301E58428F1F15400A398F0 /* Frameworks */,
				C301E58528F1F15400A398F0 /* Resources */,
			);
			buildRules = (
			);
			dependencies = (
				C301E58928F1F15400A398F0 /* PBXTargetDependency */,
			);
			name = ProtocolOriantedAppTests;
			productName = ProtocolOriantedAppTests;
			productReference = C301E58728F1F15400A398F0 /* ProtocolOriantedAppTests.xctest */;
			productType = "com.apple.product-type.bundle.unit-test";
		};
		C301E59028F1F15400A398F0 /* ProtocolOriantedAppUITests */ = {
			isa = PBXNativeTarget;
			buildConfigurationList = C301E5A128F1F15400A398F0 /* Build configuration list for PBXNativeTarget "ProtocolOriantedAppUITests" */;
			buildPhases = (
				C301E58D28F1F15400A398F0 /* Sources */,
				C301E58E28F1F15400A398F0 /* Frameworks */,
				C301E58F28F1F15400A398F0 /* Resources */,
			);
			buildRules = (
			);
			dependencies = (
				C301E59328F1F15400A398F0 /* PBXTargetDependency */,
			);
			name = ProtocolOriantedAppUITests;
			productName = ProtocolOriantedAppUITests;
			productReference = C301E59128F1F15400A398F0 /* ProtocolOriantedAppUITests.xctest */;
			productType = "com.apple.product-type.bundle.ui-testing";
		};
/* End PBXNativeTarget section */

/* Begin PBXProject section */
		C301E56928F1F15200A398F0 /* Project object */ = {
			isa = PBXProject;
			attributes = {
				BuildIndependentTargetsInParallel = 1;
				LastSwiftUpdateCheck = 1400;
				LastUpgradeCheck = 1400;
				TargetAttributes = {
					C301E57028F1F15200A398F0 = {
						CreatedOnToolsVersion = 14.0;
					};
					C301E58628F1F15400A398F0 = {
						CreatedOnToolsVersion = 14.0;
						TestTargetID = C301E57028F1F15200A398F0;
					};
					C301E59028F1F15400A398F0 = {
						CreatedOnToolsVersion = 14.0;
						TestTargetID = C301E57028F1F15200A398F0;
					};
				};
			};
			buildConfigurationList = C301E56C28F1F15200A398F0 /* Build configuration list for PBXProject "ProtocolOriantedApp" */;
			compatibilityVersion = "Xcode 14.0";
			developmentRegion = en;
			hasScannedForEncodings = 0;
			knownRegions = (
				en,
				Base,
			);
			mainGroup = C301E56828F1F15200A398F0;
			productRefGroup = C301E57228F1F15200A398F0 /* Products */;
			projectDirPath = "";
			projectRoot = "";
			targets = (
				C301E57028F1F15200A398F0 /* ProtocolOriantedApp */,
				C301E58628F1F15400A398F0 /* ProtocolOriantedAppTests */,
				C301E59028F1F15400A398F0 /* ProtocolOriantedAppUITests */,
			);
		};
/* End PBXProject section */

/* Begin PBXResourcesBuildPhase section */
		C301E56F28F1F15200A398F0 /* Resources */ = {
			isa = PBXResourcesBuildPhase;
			buildActionMask = 2147483647;
			files = (
				C301E58128F1F15400A398F0 /* LaunchScreen.storyboard in Resources */,
				C301E57E28F1F15400A398F0 /* Assets.xcassets in Resources */,
			);
			runOnlyForDeploymentPostprocessing = 0;
		};
		C301E58528F1F15400A398F0 /* Resources */ = {
			isa = PBXResourcesBuildPhase;
			buildActionMask = 2147483647;
			files = (
			);
			runOnlyForDeploymentPostprocessing = 0;
		};
		C301E58F28F1F15400A398F0 /* Resources */ = {
			isa = PBXResourcesBuildPhase;
			buildActionMask = 2147483647;
			files = (
			);
			runOnlyForDeploymentPostprocessing = 0;
		};
/* End PBXResourcesBuildPhase section */

/* Begin PBXSourcesBuildPhase section */
		C301E56D28F1F15200A398F0 /* Sources */ = {
			isa = PBXSourcesBuildPhase;
			buildActionMask = 2147483647;
			files = (
				C301E5B128F2050400A398F0 /* UserService.swift in Sources */,
				C301E5AA28F1FB9E00A398F0 /* User.swift in Sources */,
				C301E5AF28F2041400A398F0 /* UserViewModel.swift in Sources */,
				C301E5B328F2084B00A398F0 /* UserViewModelProtocol.swift in Sources */,
				C301E57928F1F15200A398F0 /* UserViewController.swift in Sources */,
				C301E5AC28F1FC1A00A398F0 /* APIManager.swift in Sources */,
				C301E57528F1F15200A398F0 /* AppDelegate.swift in Sources */,
				C301E57728F1F15200A398F0 /* SceneDelegate.swift in Sources */,
			);
			runOnlyForDeploymentPostprocessing = 0;
		};
		C301E58328F1F15400A398F0 /* Sources */ = {
			isa = PBXSourcesBuildPhase;
			buildActionMask = 2147483647;
			files = (
				C301E58C28F1F15400A398F0 /* ProtocolOriantedAppTests.swift in Sources */,
			);
			runOnlyForDeploymentPostprocessing = 0;
		};
		C301E58D28F1F15400A398F0 /* Sources */ = {
			isa = PBXSourcesBuildPhase;
			buildActionMask = 2147483647;
			files = (
				C301E59828F1F15400A398F0 /* ProtocolOriantedAppUITestsLaunchTests.swift in Sources */,
				C301E59628F1F15400A398F0 /* ProtocolOriantedAppUITests.swift in Sources */,
			);
			runOnlyForDeploymentPostprocessing = 0;
		};
/* End PBXSourcesBuildPhase section */

/* Begin PBXTargetDependency section */
		C301E58928F1F15400A398F0 /* PBXTargetDependency */ = {
			isa = PBXTargetDependency;
			target = C301E57028F1F15200A398F0 /* ProtocolOriantedApp */;
			targetProxy = C301E58828F1F15400A398F0 /* PBXContainerItemProxy */;
		};
		C301E59328F1F15400A398F0 /* PBXTargetDependency */ = {
			isa = PBXTargetDependency;
			target = C301E57028F1F15200A398F0 /* ProtocolOriantedApp */;
			targetProxy = C301E59228F1F15400A398F0 /* PBXContainerItemProxy */;
		};
/* End PBXTargetDependency section */

/* Begin PBXVariantGroup section */
		C301E57F28F1F15400A398F0 /* LaunchScreen.storyboard */ = {
			isa = PBXVariantGroup;
			children = (
				C301E58028F1F15400A398F0 /* Base */,
			);
			name = LaunchScreen.storyboard;
			sourceTree = "<group>";
		};
/* End PBXVariantGroup section */

/* Begin XCBuildConfiguration section */
		C301E59928F1F15400A398F0 /* Debug */ = {
			isa = XCBuildConfiguration;
			buildSettings = {
				ALWAYS_SEARCH_USER_PATHS = NO;
				CLANG_ANALYZER_NONNULL = YES;
				CLANG_ANALYZER_NUMBER_OBJECT_CONVERSION = YES_AGGRESSIVE;
				CLANG_CXX_LANGUAGE_STANDARD = "gnu++20";
				CLANG_ENABLE_MODULES = YES;
				CLANG_ENABLE_OBJC_ARC = YES;
				CLANG_ENABLE_OBJC_WEAK = YES;
				CLANG_WARN_BLOCK_CAPTURE_AUTORELEASING = YES;
				CLANG_WARN_BOOL_CONVERSION = YES;
				CLANG_WARN_COMMA = YES;
				CLANG_WARN_CONSTANT_CONVERSION = YES;
				CLANG_WARN_DEPRECATED_OBJC_IMPLEMENTATIONS = YES;
				CLANG_WARN_DIRECT_OBJC_ISA_USAGE = YES_ERROR;
				CLANG_WARN_DOCUMENTATION_COMMENTS = YES;
				CLANG_WARN_EMPTY_BODY = YES;
				CLANG_WARN_ENUM_CONVERSION = YES;
				CLANG_WARN_INFINITE_RECURSION = YES;
				CLANG_WARN_INT_CONVERSION = YES;
				CLANG_WARN_NON_LITERAL_NULL_CONVERSION = YES;
				CLANG_WARN_OBJC_IMPLICIT_RETAIN_SELF = YES;
				CLANG_WARN_OBJC_LITERAL_CONVERSION = YES;
				CLANG_WARN_OBJC_ROOT_CLASS = YES_ERROR;
				CLANG_WARN_QUOTED_INCLUDE_IN_FRAMEWORK_HEADER = YES;
				CLANG_WARN_RANGE_LOOP_ANALYSIS = YES;
				CLANG_WARN_STRICT_PROTOTYPES = YES;
				CLANG_WARN_SUSPICIOUS_MOVE = YES;
				CLANG_WARN_UNGUARDED_AVAILABILITY = YES_AGGRESSIVE;
				CLANG_WARN_UNREACHABLE_CODE = YES;
				CLANG_WARN__DUPLICATE_METHOD_MATCH = YES;
				COPY_PHASE_STRIP = NO;
				DEBUG_INFORMATION_FORMAT = dwarf;
				ENABLE_STRICT_OBJC_MSGSEND = YES;
				ENABLE_TESTABILITY = YES;
				GCC_C_LANGUAGE_STANDARD = gnu11;
				GCC_DYNAMIC_NO_PIC = NO;
				GCC_NO_COMMON_BLOCKS = YES;
				GCC_OPTIMIZATION_LEVEL = 0;
				GCC_PREPROCESSOR_DEFINITIONS = (
					"DEBUG=1",
					"$(inherited)",
				);
				GCC_WARN_64_TO_32_BIT_CONVERSION = YES;
				GCC_WARN_ABOUT_RETURN_TYPE = YES_ERROR;
				GCC_WARN_UNDECLARED_SELECTOR = YES;
				GCC_WARN_UNINITIALIZED_AUTOS = YES_AGGRESSIVE;
				GCC_WARN_UNUSED_FUNCTION = YES;
				GCC_WARN_UNUSED_VARIABLE = YES;
				IPHONEOS_DEPLOYMENT_TARGET = 16.0;
				MTL_ENABLE_DEBUG_INFO = INCLUDE_SOURCE;
				MTL_FAST_MATH = YES;
				ONLY_ACTIVE_ARCH = YES;
				SDKROOT = iphoneos;
				SWIFT_ACTIVE_COMPILATION_CONDITIONS = DEBUG;
				SWIFT_OPTIMIZATION_LEVEL = "-Onone";
			};
			name = Debug;
		};
		C301E59A28F1F15400A398F0 /* Release */ = {
			isa = XCBuildConfiguration;
			buildSettings = {
				ALWAYS_SEARCH_USER_PATHS = NO;
				CLANG_ANALYZER_NONNULL = YES;
				CLANG_ANALYZER_NUMBER_OBJECT_CONVERSION = YES_AGGRESSIVE;
				CLANG_CXX_LANGUAGE_STANDARD = "gnu++20";
				CLANG_ENABLE_MODULES = YES;
				CLANG_ENABLE_OBJC_ARC = YES;
				CLANG_ENABLE_OBJC_WEAK = YES;
				CLANG_WARN_BLOCK_CAPTURE_AUTORELEASING = YES;
				CLANG_WARN_BOOL_CONVERSION = YES;
				CLANG_WARN_COMMA = YES;
				CLANG_WARN_CONSTANT_CONVERSION = YES;
				CLANG_WARN_DEPRECATED_OBJC_IMPLEMENTATIONS = YES;
				CLANG_WARN_DIRECT_OBJC_ISA_USAGE = YES_ERROR;
				CLANG_WARN_DOCUMENTATION_COMMENTS = YES;
				CLANG_WARN_EMPTY_BODY = YES;
				CLANG_WARN_ENUM_CONVERSION = YES;
				CLANG_WARN_INFINITE_RECURSION = YES;
				CLANG_WARN_INT_CONVERSION = YES;
				CLANG_WARN_NON_LITERAL_NULL_CONVERSION = YES;
				CLANG_WARN_OBJC_IMPLICIT_RETAIN_SELF = YES;
				CLANG_WARN_OBJC_LITERAL_CONVERSION = YES;
				CLANG_WARN_OBJC_ROOT_CLASS = YES_ERROR;
				CLANG_WARN_QUOTED_INCLUDE_IN_FRAMEWORK_HEADER = YES;
				CLANG_WARN_RANGE_LOOP_ANALYSIS = YES;
				CLANG_WARN_STRICT_PROTOTYPES = YES;
				CLANG_WARN_SUSPICIOUS_MOVE = YES;
				CLANG_WARN_UNGUARDED_AVAILABILITY = YES_AGGRESSIVE;
				CLANG_WARN_UNREACHABLE_CODE = YES;
				CLANG_WARN__DUPLICATE_METHOD_MATCH = YES;
				COPY_PHASE_STRIP = NO;
				DEBUG_INFORMATION_FORMAT = "dwarf-with-dsym";
				ENABLE_NS_ASSERTIONS = NO;
				ENABLE_STRICT_OBJC_MSGSEND = YES;
				GCC_C_LANGUAGE_STANDARD = gnu11;
				GCC_NO_COMMON_BLOCKS = YES;
				GCC_WARN_64_TO_32_BIT_CONVERSION = YES;
				GCC_WARN_ABOUT_RETURN_TYPE = YES_ERROR;
				GCC_WARN_UNDECLARED_SELECTOR = YES;
				GCC_WARN_UNINITIALIZED_AUTOS = YES_AGGRESSIVE;
				GCC_WARN_UNUSED_FUNCTION = YES;
				GCC_WARN_UNUSED_VARIABLE = YES;
				IPHONEOS_DEPLOYMENT_TARGET = 16.0;
				MTL_ENABLE_DEBUG_INFO = NO;
				MTL_FAST_MATH = YES;
				SDKROOT = iphoneos;
				SWIFT_COMPILATION_MODE = wholemodule;
				SWIFT_OPTIMIZATION_LEVEL = "-O";
				VALIDATE_PRODUCT = YES;
			};
			name = Release;
		};
		C301E59C28F1F15400A398F0 /* Debug */ = {
			isa = XCBuildConfiguration;
			buildSettings = {
				ASSETCATALOG_COMPILER_APPICON_NAME = AppIcon;
				ASSETCATALOG_COMPILER_GLOBAL_ACCENT_COLOR_NAME = AccentColor;
				CODE_SIGN_STYLE = Automatic;
				CURRENT_PROJECT_VERSION = 1;
				DEVELOPMENT_TEAM = 6DV7YZY2XY;
				GENERATE_INFOPLIST_FILE = YES;
				INFOPLIST_FILE = ProtocolOriantedApp/Info.plist;
				INFOPLIST_KEY_UIApplicationSupportsIndirectInputEvents = YES;
				INFOPLIST_KEY_UILaunchStoryboardName = LaunchScreen;
				INFOPLIST_KEY_UISupportedInterfaceOrientations_iPad = "UIInterfaceOrientationPortrait UIInterfaceOrientationPortraitUpsideDown UIInterfaceOrientationLandscapeLeft UIInterfaceOrientationLandscapeRight";
				INFOPLIST_KEY_UISupportedInterfaceOrientations_iPhone = "UIInterfaceOrientationPortrait UIInterfaceOrientationLandscapeLeft UIInterfaceOrientationLandscapeRight";
				LD_RUNPATH_SEARCH_PATHS = (
					"$(inherited)",
					"@executable_path/Frameworks",
				);
				MARKETING_VERSION = 1.0;
				PRODUCT_BUNDLE_IDENTIFIER = com.metinemre.ProtocolOriantedApp;
				PRODUCT_NAME = "$(TARGET_NAME)";
				SWIFT_EMIT_LOC_STRINGS = YES;
				SWIFT_VERSION = 5.0;
				TARGETED_DEVICE_FAMILY = "1,2";
			};
			name = Debug;
		};
		C301E59D28F1F15400A398F0 /* Release */ = {
			isa = XCBuildConfiguration;
			buildSettings = {
				ASSETCATALOG_COMPILER_APPICON_NAME = AppIcon;
				ASSETCATALOG_COMPILER_GLOBAL_ACCENT_COLOR_NAME = AccentColor;
				CODE_SIGN_STYLE = Automatic;
				CURRENT_PROJECT_VERSION = 1;
				DEVELOPMENT_TEAM = 6DV7YZY2XY;
				GENERATE_INFOPLIST_FILE = YES;
				INFOPLIST_FILE = ProtocolOriantedApp/Info.plist;
				INFOPLIST_KEY_UIApplicationSupportsIndirectInputEvents = YES;
				INFOPLIST_KEY_UILaunchStoryboardName = LaunchScreen;
				INFOPLIST_KEY_UISupportedInterfaceOrientations_iPad = "UIInterfaceOrientationPortrait UIInterfaceOrientationPortraitUpsideDown UIInterfaceOrientationLandscapeLeft UIInterfaceOrientationLandscapeRight";
				INFOPLIST_KEY_UISupportedInterfaceOrientations_iPhone = "UIInterfaceOrientationPortrait UIInterfaceOrientationLandscapeLeft UIInterfaceOrientationLandscapeRight";
				LD_RUNPATH_SEARCH_PATHS = (
					"$(inherited)",
					"@executable_path/Frameworks",
				);
				MARKETING_VERSION = 1.0;
				PRODUCT_BUNDLE_IDENTIFIER = com.metinemre.ProtocolOriantedApp;
				PRODUCT_NAME = "$(TARGET_NAME)";
				SWIFT_EMIT_LOC_STRINGS = YES;
				SWIFT_VERSION = 5.0;
				TARGETED_DEVICE_FAMILY = "1,2";
			};
			name = Release;
		};
		C301E59F28F1F15400A398F0 /* Debug */ = {
			isa = XCBuildConfiguration;
			buildSettings = {
				ALWAYS_EMBED_SWIFT_STANDARD_LIBRARIES = YES;
				BUNDLE_LOADER = "$(TEST_HOST)";
				CODE_SIGN_STYLE = Automatic;
				CURRENT_PROJECT_VERSION = 1;
				DEVELOPMENT_TEAM = 6DV7YZY2XY;
				GENERATE_INFOPLIST_FILE = YES;
				IPHONEOS_DEPLOYMENT_TARGET = 16.0;
				MARKETING_VERSION = 1.0;
				PRODUCT_BUNDLE_IDENTIFIER = com.metinemre.ProtocolOriantedAppTests;
				PRODUCT_NAME = "$(TARGET_NAME)";
				SWIFT_EMIT_LOC_STRINGS = NO;
				SWIFT_VERSION = 5.0;
				TARGETED_DEVICE_FAMILY = "1,2";
				TEST_HOST = "$(BUILT_PRODUCTS_DIR)/ProtocolOriantedApp.app/$(BUNDLE_EXECUTABLE_FOLDER_PATH)/ProtocolOriantedApp";
			};
			name = Debug;
		};
		C301E5A028F1F15400A398F0 /* Release */ = {
			isa = XCBuildConfiguration;
			buildSettings = {
				ALWAYS_EMBED_SWIFT_STANDARD_LIBRARIES = YES;
				BUNDLE_LOADER = "$(TEST_HOST)";
				CODE_SIGN_STYLE = Automatic;
				CURRENT_PROJECT_VERSION = 1;
				DEVELOPMENT_TEAM = 6DV7YZY2XY;
				GENERATE_INFOPLIST_FILE = YES;
				IPHONEOS_DEPLOYMENT_TARGET = 16.0;
				MARKETING_VERSION = 1.0;
				PRODUCT_BUNDLE_IDENTIFIER = com.metinemre.ProtocolOriantedAppTests;
				PRODUCT_NAME = "$(TARGET_NAME)";
				SWIFT_EMIT_LOC_STRINGS = NO;
				SWIFT_VERSION = 5.0;
				TARGETED_DEVICE_FAMILY = "1,2";
				TEST_HOST = "$(BUILT_PRODUCTS_DIR)/ProtocolOriantedApp.app/$(BUNDLE_EXECUTABLE_FOLDER_PATH)/ProtocolOriantedApp";
			};
			name = Release;
		};
		C301E5A228F1F15400A398F0 /* Debug */ = {
			isa = XCBuildConfiguration;
			buildSettings = {
				ALWAYS_EMBED_SWIFT_STANDARD_LIBRARIES = YES;
				CODE_SIGN_STYLE = Automatic;
				CURRENT_PROJECT_VERSION = 1;
				DEVELOPMENT_TEAM = 6DV7YZY2XY;
				GENERATE_INFOPLIST_FILE = YES;
				MARKETING_VERSION = 1.0;
				PRODUCT_BUNDLE_IDENTIFIER = com.metinemre.ProtocolOriantedAppUITests;
				PRODUCT_NAME = "$(TARGET_NAME)";
				SWIFT_EMIT_LOC_STRINGS = NO;
				SWIFT_VERSION = 5.0;
				TARGETED_DEVICE_FAMILY = "1,2";
				TEST_TARGET_NAME = ProtocolOriantedApp;
			};
			name = Debug;
		};
		C301E5A328F1F15400A398F0 /* Release */ = {
			isa = XCBuildConfiguration;
			buildSettings = {
				ALWAYS_EMBED_SWIFT_STANDARD_LIBRARIES = YES;
				CODE_SIGN_STYLE = Automatic;
				CURRENT_PROJECT_VERSION = 1;
				DEVELOPMENT_TEAM = 6DV7YZY2XY;
				GENERATE_INFOPLIST_FILE = YES;
				MARKETING_VERSION = 1.0;
				PRODUCT_BUNDLE_IDENTIFIER = com.metinemre.ProtocolOriantedAppUITests;
				PRODUCT_NAME = "$(TARGET_NAME)";
				SWIFT_EMIT_LOC_STRINGS = NO;
				SWIFT_VERSION = 5.0;
				TARGETED_DEVICE_FAMILY = "1,2";
				TEST_TARGET_NAME = ProtocolOriantedApp;
			};
			name = Release;
		};
/* End XCBuildConfiguration section */

/* Begin XCConfigurationList section */
		C301E56C28F1F15200A398F0 /* Build configuration list for PBXProject "ProtocolOriantedApp" */ = {
			isa = XCConfigurationList;
			buildConfigurations = (
				C301E59928F1F15400A398F0 /* Debug */,
				C301E59A28F1F15400A398F0 /* Release */,
			);
			defaultConfigurationIsVisible = 0;
			defaultConfigurationName = Release;
		};
		C301E59B28F1F15400A398F0 /* Build configuration list for PBXNativeTarget "ProtocolOriantedApp" */ = {
			isa = XCConfigurationList;
			buildConfigurations = (
				C301E59C28F1F15400A398F0 /* Debug */,
				C301E59D28F1F15400A398F0 /* Release */,
			);
			defaultConfigurationIsVisible = 0;
			defaultConfigurationName = Release;
		};
		C301E59E28F1F15400A398F0 /* Build configuration list for PBXNativeTarget "ProtocolOriantedAppTests" */ = {
			isa = XCConfigurationList;
			buildConfigurations = (
				C301E59F28F1F15400A398F0 /* Debug */,
				C301E5A028F1F15400A398F0 /* Release */,
			);
			defaultConfigurationIsVisible = 0;
			defaultConfigurationName = Release;
		};
		C301E5A128F1F15400A398F0 /* Build configuration list for PBXNativeTarget "ProtocolOriantedAppUITests" */ = {
			isa = XCConfigurationList;
			buildConfigurations = (
				C301E5A228F1F15400A398F0 /* Debug */,
				C301E5A328F1F15400A398F0 /* Release */,
			);
			defaultConfigurationIsVisible = 0;
			defaultConfigurationName = Release;
		};
/* End XCConfigurationList section */
	};
	rootObject = C301E56928F1F15200A398F0 /* Project object */;
}
